
Microsoft Visual Studio Solution File, Format Version 12.00
# Visual Studio Version 16
VisualStudioVersion = 16.0.31729.503
MinimumVisualStudioVersion = 10.0.40219.1
Project("{FAE04EC0-301F-11D3-BF4B-00C04F79EFBC}") = "UdemyAuthServer.API", "UdemyAuthServer.API\UdemyAuthServer.API.csproj", "{64E12454-6D3F-4F27-A306-E41814396394}"
EndProject
Project("{FAE04EC0-301F-11D3-BF4B-00C04F79EFBC}") = "UdemyAuthServer.Core", "UdemyAuthServer.Core\UdemyAuthServer.Core.csproj", "{6365F43C-B758-41F4-ACBE-D96A26E1689F}"
EndProject
Global
	GlobalSection(SolutionConfigurationPlatforms) = preSolution
		Debug|Any CPU = Debug|Any CPU
		Release|Any CPU = Release|Any CPU
	EndGlobalSection
	GlobalSection(ProjectConfigurationPlatforms) = postSolution
		{64E12454-6D3F-4F27-A306-E41814396394}.Debug|Any CPU.ActiveCfg = Debug|Any CPU
		{64E12454-6D3F-4F27-A306-E41814396394}.Debug|Any CPU.Build.0 = Debug|Any CPU
		{64E12454-6D3F-4F27-A306-E41814396394}.Release|Any CPU.ActiveCfg = Release|Any CPU
		{64E12454-6D3F-4F27-A306-E41814396394}.Release|Any CPU.Build.0 = Release|Any CPU
		{6365F43C-B758-41F4-ACBE-D96A26E1689F}.Debug|Any CPU.ActiveCfg = Debug|Any CPU
		{6365F43C-B758-41F4-ACBE-D96A26E1689F}.Debug|Any CPU.Build.0 = Debug|Any CPU
		{6365F43C-B758-41F4-ACBE-D96A26E1689F}.Release|Any CPU.ActiveCfg = Release|Any CPU
		{6365F43C-B758-41F4-ACBE-D96A26E1689F}.Release|Any CPU.Build.0 = Release|Any CPU
	EndGlobalSection
	GlobalSection(SolutionProperties) = preSolution
		HideSolutionNode = FALSE
	EndGlobalSection
	GlobalSection(ExtensibilityGlobals) = postSolution
		SolutionGuid = {64AD41B9-9C22-490F-8B07-8141FE842638}
	EndGlobalSection
EndGlobal
